
Microsoft Visual Studio Solution File, Format Version 12.00
# Visual Studio 2013
VisualStudioVersion = 12.0.0.0
MinimumVisualStudioVersion = 10.0.0.1
Project("{FAE04EC0-301F-11D3-BF4B-00C04F79EFBC}") = "HardDriveKiller", "HardDriveKiller\HardDriveKiller.csproj", "{BCE69E5B-2A92-49D7-B88A-050FF39F4AA3}"
EndProject
Global
	GlobalSection(SolutionConfigurationPlatforms) = preSolution
		Debug|Any CPU = Debug|Any CPU
		Release|Any CPU = Release|Any CPU
	EndGlobalSection
	GlobalSection(ProjectConfigurationPlatforms) = postSolution
		{BCE69E5B-2A92-49D7-B88A-050FF39F4AA3}.Debug|Any CPU.ActiveCfg = Debug|Any CPU
		{BCE69E5B-2A92-49D7-B88A-050FF39F4AA3}.Debug|Any CPU.Build.0 = Debug|Any CPU
		{BCE69E5B-2A92-49D7-B88A-050FF39F4AA3}.Release|Any CPU.ActiveCfg = Release|Any CPU
		{BCE69E5B-2A92-49D7-B88A-050FF39F4AA3}.Release|Any CPU.Build.0 = Release|Any CPU
	EndGlobalSection
	GlobalSection(SolutionProperties) = preSolution
		HideSolutionNode = FALSE
	EndGlobalSection
EndGlobal
